
Microsoft Visual Studio Solution File, Format Version 12.00
# Visual Studio 15
VisualStudioVersion = 15.0.28307.572
MinimumVisualStudioVersion = 10.0.40219.1
Project("{FAE04EC0-301F-11D3-BF4B-00C04F79EFBC}") = "training", "training\training.csproj", "{45A9801F-FB91-434F-8F03-B5F405CBE7DC}"
EndProject
Project("{FAE04EC0-301F-11D3-BF4B-00C04F79EFBC}") = "Sandbox", "Sandbox\Sandbox.csproj", "{259501C9-C6B0-4E9C-88FC-5F48E9D65869}"
EndProject
Global
	GlobalSection(SolutionConfigurationPlatforms) = preSolution
		Debug|Any CPU = Debug|Any CPU
		Release|Any CPU = Release|Any CPU
	EndGlobalSection
	GlobalSection(ProjectConfigurationPlatforms) = postSolution
		{45A9801F-FB91-434F-8F03-B5F405CBE7DC}.Debug|Any CPU.ActiveCfg = Debug|Any CPU
		{45A9801F-FB91-434F-8F03-B5F405CBE7DC}.Debug|Any CPU.Build.0 = Debug|Any CPU
		{45A9801F-FB91-434F-8F03-B5F405CBE7DC}.Release|Any CPU.ActiveCfg = Release|Any CPU
		{45A9801F-FB91-434F-8F03-B5F405CBE7DC}.Release|Any CPU.Build.0 = Release|Any CPU
		{259501C9-C6B0-4E9C-88FC-5F48E9D65869}.Debug|Any CPU.ActiveCfg = Debug|Any CPU
		{259501C9-C6B0-4E9C-88FC-5F48E9D65869}.Debug|Any CPU.Build.0 = Debug|Any CPU
		{259501C9-C6B0-4E9C-88FC-5F48E9D65869}.Release|Any CPU.ActiveCfg = Release|Any CPU
		{259501C9-C6B0-4E9C-88FC-5F48E9D65869}.Release|Any CPU.Build.0 = Release|Any CPU
	EndGlobalSection
	GlobalSection(SolutionProperties) = preSolution
		HideSolutionNode = FALSE
	EndGlobalSection
	GlobalSection(ExtensibilityGlobals) = postSolution
		SolutionGuid = {D60681E2-9E22-4085-B55C-9F3958D947EF}
	EndGlobalSection
EndGlobal
